// !$*UTF8*$!
{
	archiveVersion = 1;
	classes = {
	};
	objectVersion = 45;
	objects = {

/* Begin PBXBuildFile section */
		0364B64B1369437F0023EA01 /* Cancer-Horo-bkrd.png in Resources */ = {isa = PBXBuildFile; fileRef = 0364B6451369437F0023EA01 /* Cancer-Horo-bkrd.png */; };
		0364B64C1369437F0023EA01 /* Cancer-Horo-tile.png in Resources */ = {isa = PBXBuildFile; fileRef = 0364B6461369437F0023EA01 /* Cancer-Horo-tile.png */; };
		0364B64D1369437F0023EA01 /* Capricorn-Horo-bkrd.png in Resources */ = {isa = PBXBuildFile; fileRef = 0364B6471369437F0023EA01 /* Capricorn-Horo-bkrd.png */; };
		0364B64E1369437F0023EA01 /* Capricorn-Horo-tile.png in Resources */ = {isa = PBXBuildFile; fileRef = 0364B6481369437F0023EA01 /* Capricorn-Horo-tile.png */; };
		0364B64F1369437F0023EA01 /* Gemini-Horo-bkrd.png in Resources */ = {isa = PBXBuildFile; fileRef = 0364B6491369437F0023EA01 /* Gemini-Horo-bkrd.png */; };
		0364B6501369437F0023EA01 /* Gemini-Horo-tile.png in Resources */ = {isa = PBXBuildFile; fileRef = 0364B64A1369437F0023EA01 /* Gemini-Horo-tile.png */; };
		0364B66F13694DFD0023EA01 /* Aquarius-Horo-bkrd.png in Resources */ = {isa = PBXBuildFile; fileRef = 0364B66C13694DFD0023EA01 /* Aquarius-Horo-bkrd.png */; };
		0364B67013694DFD0023EA01 /* Aquarius-Horo-tile.png in Resources */ = {isa = PBXBuildFile; fileRef = 0364B66D13694DFD0023EA01 /* Aquarius-Horo-tile.png */; };
		0364B67113694DFD0023EA01 /* Aries-Horo-bkrd.png in Resources */ = {isa = PBXBuildFile; fileRef = 0364B66E13694DFD0023EA01 /* Aries-Horo-bkrd.png */; };
		0364B67613694E230023EA01 /* Leo-Horo-bkrd.png in Resources */ = {isa = PBXBuildFile; fileRef = 0364B67213694E230023EA01 /* Leo-Horo-bkrd.png */; };
		0364B67713694E230023EA01 /* Leo-Horo-tile.png in Resources */ = {isa = PBXBuildFile; fileRef = 0364B67313694E230023EA01 /* Leo-Horo-tile.png */; };
		0364B67813694E230023EA01 /* Libra-Horo-bkrd.png in Resources */ = {isa = PBXBuildFile; fileRef = 0364B67413694E230023EA01 /* Libra-Horo-bkrd.png */; };
		0364B67913694E230023EA01 /* Libra-Horo-tile.png in Resources */ = {isa = PBXBuildFile; fileRef = 0364B67513694E230023EA01 /* Libra-Horo-tile.png */; };
		0364B68413694E3F0023EA01 /* Pisces-Horo-bkrd.png in Resources */ = {isa = PBXBuildFile; fileRef = 0364B67A13694E3F0023EA01 /* Pisces-Horo-bkrd.png */; };
		0364B68513694E3F0023EA01 /* Pisces-Horo-tile copy.png in Resources */ = {isa = PBXBuildFile; fileRef = 0364B67B13694E3F0023EA01 /* Pisces-Horo-tile copy.png */; };
		0364B68613694E3F0023EA01 /* Sagittarius-Horo-bkrd.png in Resources */ = {isa = PBXBuildFile; fileRef = 0364B67C13694E3F0023EA01 /* Sagittarius-Horo-bkrd.png */; };
		0364B68713694E3F0023EA01 /* Sagittarius-Horo-tile.png in Resources */ = {isa = PBXBuildFile; fileRef = 0364B67D13694E3F0023EA01 /* Sagittarius-Horo-tile.png */; };
		0364B68813694E3F0023EA01 /* Scorpio-Horo-bkrd.png in Resources */ = {isa = PBXBuildFile; fileRef = 0364B67E13694E3F0023EA01 /* Scorpio-Horo-bkrd.png */; };
		0364B68913694E3F0023EA01 /* Scorpio-Horo-tile.png in Resources */ = {isa = PBXBuildFile; fileRef = 0364B67F13694E3F0023EA01 /* Scorpio-Horo-tile.png */; };
		0364B68A13694E3F0023EA01 /* Taurus-Horo-bkrd.png in Resources */ = {isa = PBXBuildFile; fileRef = 0364B68013694E3F0023EA01 /* Taurus-Horo-bkrd.png */; };
		0364B68B13694E3F0023EA01 /* Taurus-Horo-tile.png in Resources */ = {isa = PBXBuildFile; fileRef = 0364B68113694E3F0023EA01 /* Taurus-Horo-tile.png */; };
		0364B68C13694E3F0023EA01 /* Virgo-Horo-bkrd.png in Resources */ = {isa = PBXBuildFile; fileRef = 0364B68213694E3F0023EA01 /* Virgo-Horo-bkrd.png */; };
		0364B68D13694E3F0023EA01 /* Virgo-Horo-tile.png in Resources */ = {isa = PBXBuildFile; fileRef = 0364B68313694E3F0023EA01 /* Virgo-Horo-tile.png */; };
		0364B6C1136964630023EA01 /* astrotwinsimg.png in Resources */ = {isa = PBXBuildFile; fileRef = 0364B6C0136964630023EA01 /* astrotwinsimg.png */; };
		0364B6C3136964730023EA01 /* 12signimg.png in Resources */ = {isa = PBXBuildFile; fileRef = 0364B6C2136964730023EA01 /* 12signimg.png */; };
		0364B6C7136964AD0023EA01 /* astroshareimg.png in Resources */ = {isa = PBXBuildFile; fileRef = 0364B6C6136964AD0023EA01 /* astroshareimg.png */; };
		0364B757136977350023EA01 /* Twelevesignview.m in Sources */ = {isa = PBXBuildFile; fileRef = 0364B755136977350023EA01 /* Twelevesignview.m */; };
		0364B758136977350023EA01 /* Twelevesignview.xib in Resources */ = {isa = PBXBuildFile; fileRef = 0364B756136977350023EA01 /* Twelevesignview.xib */; };
		0364B75B136978A40023EA01 /* 12signView.png in Resources */ = {isa = PBXBuildFile; fileRef = 0364B75A136978A40023EA01 /* 12signView.png */; };
		0364B76613697C6E0023EA01 /* AstrotwinsView.m in Sources */ = {isa = PBXBuildFile; fileRef = 0364B76413697C6E0023EA01 /* AstrotwinsView.m */; };
		0364B76713697C6E0023EA01 /* AstrotwinsView.xib in Resources */ = {isa = PBXBuildFile; fileRef = 0364B76513697C6E0023EA01 /* AstrotwinsView.xib */; };
		0364B76913697DCD0023EA01 /* aastrobarImage.png in Resources */ = {isa = PBXBuildFile; fileRef = 0364B76813697DCD0023EA01 /* aastrobarImage.png */; };
		0364B76B13697E4F0023EA01 /* AstroTwinsViewImage.png in Resources */ = {isa = PBXBuildFile; fileRef = 0364B76A13697E4F0023EA01 /* AstroTwinsViewImage.png */; };
		0364B780136984D70023EA01 /* AstrotwinsImage.png in Resources */ = {isa = PBXBuildFile; fileRef = 0364B77F136984D70023EA01 /* AstrotwinsImage.png */; };
		0364B8711369AE1F0023EA01 /* LoveView.m in Sources */ = {isa = PBXBuildFile; fileRef = 0364B86F1369AE1F0023EA01 /* LoveView.m */; };
		0364B8721369AE1F0023EA01 /* LoveView.xib in Resources */ = {isa = PBXBuildFile; fileRef = 0364B8701369AE1F0023EA01 /* LoveView.xib */; };
		0364B87A1369B0340023EA01 /* loveviewImage.png in Resources */ = {isa = PBXBuildFile; fileRef = 0364B8791369B0340023EA01 /* loveviewImage.png */; };
		0364B8B41369BA900023EA01 /* loveimg.png in Resources */ = {isa = PBXBuildFile; fileRef = 0364B8B31369BA900023EA01 /* loveimg.png */; };
		0364B902136DB4020023EA01 /* love.png in Resources */ = {isa = PBXBuildFile; fileRef = 0364B901136DB4020023EA01 /* love.png */; };
		036C96791366CC7000F7D574 /* libxml2.2.7.3.dylib in Frameworks */ = {isa = PBXBuildFile; fileRef = 036C96781366CC7000F7D574 /* libxml2.2.7.3.dylib */; };
		039BF65A13680CB700EEA0D6 /* TFHpple.m in Sources */ = {isa = PBXBuildFile; fileRef = 039BF65713680CB700EEA0D6 /* TFHpple.m */; };
		039BF65B13680CB700EEA0D6 /* TFHppleElement.m in Sources */ = {isa = PBXBuildFile; fileRef = 039BF65913680CB700EEA0D6 /* TFHppleElement.m */; };
		039BF65E13680CC300EEA0D6 /* XPathQuery.m in Sources */ = {isa = PBXBuildFile; fileRef = 039BF65D13680CC300EEA0D6 /* XPathQuery.m */; };
		03B5429613659659007102D2 /* Store.plist in Resources */ = {isa = PBXBuildFile; fileRef = 03B5429513659659007102D2 /* Store.plist */; };
		03B542B313659ED6007102D2 /* AstroDetailView.m in Sources */ = {isa = PBXBuildFile; fileRef = 03B542B113659ED6007102D2 /* AstroDetailView.m */; };
		03B542B413659ED6007102D2 /* AstroDetailView.xib in Resources */ = {isa = PBXBuildFile; fileRef = 03B542B213659ED6007102D2 /* AstroDetailView.xib */; };
		1D3623260D0F684500981E51 /* AstrostyleAppAppDelegate.m in Sources */ = {isa = PBXBuildFile; fileRef = 1D3623250D0F684500981E51 /* AstrostyleAppAppDelegate.m */; };
		1D60589B0D05DD56006BFB54 /* main.m in Sources */ = {isa = PBXBuildFile; fileRef = 29B97316FDCFA39411CA2CEA /* main.m */; };
		1D60589F0D05DD5A006BFB54 /* Foundation.framework in Frameworks */ = {isa = PBXBuildFile; fileRef = 1D30AB110D05D00D00671497 /* Foundation.framework */; };
		1DF5F4E00D08C38300B7A737 /* UIKit.framework in Frameworks */ = {isa = PBXBuildFile; fileRef = 1DF5F4DF0D08C38300B7A737 /* UIKit.framework */; };
		288765A50DF7441C002DB57D /* CoreGraphics.framework in Frameworks */ = {isa = PBXBuildFile; fileRef = 288765A40DF7441C002DB57D /* CoreGraphics.framework */; };
		2899E5220DE3E06400AC0155 /* AstrostyleAppViewController.xib in Resources */ = {isa = PBXBuildFile; fileRef = 2899E5210DE3E06400AC0155 /* AstrostyleAppViewController.xib */; };
		28AD733F0D9D9553002E5188 /* MainWindow.xib in Resources */ = {isa = PBXBuildFile; fileRef = 28AD733E0D9D9553002E5188 /* MainWindow.xib */; };
		28D7ACF80DDB3853001CB0EB /* AstrostyleAppViewController.m in Sources */ = {isa = PBXBuildFile; fileRef = 28D7ACF70DDB3853001CB0EB /* AstrostyleAppViewController.m */; };
/* End PBXBuildFile section */

/* Begin PBXFileReference section */
		0364B6451369437F0023EA01 /* Cancer-Horo-bkrd.png */ = {isa = PBXFileReference; lastKnownFileType = image.png; path = "Cancer-Horo-bkrd.png"; sourceTree = "<group>"; };
		0364B6461369437F0023EA01 /* Cancer-Horo-tile.png */ = {isa = PBXFileReference; lastKnownFileType = image.png; path = "Cancer-Horo-tile.png"; sourceTree = "<group>"; };
		0364B6471369437F0023EA01 /* Capricorn-Horo-bkrd.png */ = {isa = PBXFileReference; lastKnownFileType = image.png; path = "Capricorn-Horo-bkrd.png"; sourceTree = "<group>"; };
		0364B6481369437F0023EA01 /* Capricorn-Horo-tile.png */ = {isa = PBXFileReference; lastKnownFileType = image.png; path = "Capricorn-Horo-tile.png"; sourceTree = "<group>"; };
		0364B6491369437F0023EA01 /* Gemini-Horo-bkrd.png */ = {isa = PBXFileReference; lastKnownFileType = image.png; path = "Gemini-Horo-bkrd.png"; sourceTree = "<group>"; };
		0364B64A1369437F0023EA01 /* Gemini-Horo-tile.png */ = {isa = PBXFileReference; lastKnownFileType = image.png; path = "Gemini-Horo-tile.png"; sourceTree = "<group>"; };
		0364B66C13694DFD0023EA01 /* Aquarius-Horo-bkrd.png */ = {isa = PBXFileReference; lastKnownFileType = image.png; path = "Aquarius-Horo-bkrd.png"; sourceTree = "<group>"; };
		0364B66D13694DFD0023EA01 /* Aquarius-Horo-tile.png */ = {isa = PBXFileReference; lastKnownFileType = image.png; path = "Aquarius-Horo-tile.png"; sourceTree = "<group>"; };
		0364B66E13694DFD0023EA01 /* Aries-Horo-bkrd.png */ = {isa = PBXFileReference; lastKnownFileType = image.png; path = "Aries-Horo-bkrd.png"; sourceTree = "<group>"; };
		0364B67213694E230023EA01 /* Leo-Horo-bkrd.png */ = {isa = PBXFileReference; lastKnownFileType = image.png; path = "Leo-Horo-bkrd.png"; sourceTree = "<group>"; };
		0364B67313694E230023EA01 /* Leo-Horo-tile.png */ = {isa = PBXFileReference; lastKnownFileType = image.png; path = "Leo-Horo-tile.png"; sourceTree = "<group>"; };
		0364B67413694E230023EA01 /* Libra-Horo-bkrd.png */ = {isa = PBXFileReference; lastKnownFileType = image.png; path = "Libra-Horo-bkrd.png"; sourceTree = "<group>"; };
		0364B67513694E230023EA01 /* Libra-Horo-tile.png */ = {isa = PBXFileReference; lastKnownFileType = image.png; path = "Libra-Horo-tile.png"; sourceTree = "<group>"; };
		0364B67A13694E3F0023EA01 /* Pisces-Horo-bkrd.png */ = {isa = PBXFileReference; lastKnownFileType = image.png; path = "Pisces-Horo-bkrd.png"; sourceTree = "<group>"; };
		0364B67B13694E3F0023EA01 /* Pisces-Horo-tile copy.png */ = {isa = PBXFileReference; lastKnownFileType = image.png; path = "Pisces-Horo-tile copy.png"; sourceTree = "<group>"; };
		0364B67C13694E3F0023EA01 /* Sagittarius-Horo-bkrd.png */ = {isa = PBXFileReference; lastKnownFileType = image.png; path = "Sagittarius-Horo-bkrd.png"; sourceTree = "<group>"; };
		0364B67D13694E3F0023EA01 /* Sagittarius-Horo-tile.png */ = {isa = PBXFileReference; lastKnownFileType = image.png; path = "Sagittarius-Horo-tile.png"; sourceTree = "<group>"; };
		0364B67E13694E3F0023EA01 /* Scorpio-Horo-bkrd.png */ = {isa = PBXFileReference; lastKnownFileType = image.png; path = "Scorpio-Horo-bkrd.png"; sourceTree = "<group>"; };
		0364B67F13694E3F0023EA01 /* Scorpio-Horo-tile.png */ = {isa = PBXFileReference; lastKnownFileType = image.png; path = "Scorpio-Horo-tile.png"; sourceTree = "<group>"; };
		0364B68013694E3F0023EA01 /* Taurus-Horo-bkrd.png */ = {isa = PBXFileReference; lastKnownFileType = image.png; path = "Taurus-Horo-bkrd.png"; sourceTree = "<group>"; };
		0364B68113694E3F0023EA01 /* Taurus-Horo-tile.png */ = {isa = PBXFileReference; lastKnownFileType = image.png; path = "Taurus-Horo-tile.png"; sourceTree = "<group>"; };
		0364B68213694E3F0023EA01 /* Virgo-Horo-bkrd.png */ = {isa = PBXFileReference; lastKnownFileType = image.png; path = "Virgo-Horo-bkrd.png"; sourceTree = "<group>"; };
		0364B68313694E3F0023EA01 /* Virgo-Horo-tile.png */ = {isa = PBXFileReference; lastKnownFileType = image.png; path = "Virgo-Horo-tile.png"; sourceTree = "<group>"; };
		0364B6C0136964630023EA01 /* astrotwinsimg.png */ = {isa = PBXFileReference; lastKnownFileType = image.png; path = astrotwinsimg.png; sourceTree = "<group>"; };
		0364B6C2136964730023EA01 /* 12signimg.png */ = {isa = PBXFileReference; lastKnownFileType = image.png; path = 12signimg.png; sourceTree = "<group>"; };
		0364B6C6136964AD0023EA01 /* astroshareimg.png */ = {isa = PBXFileReference; lastKnownFileType = image.png; path = astroshareimg.png; sourceTree = "<group>"; };
		0364B754136977350023EA01 /* Twelevesignview.h */ = {isa = PBXFileReference; fileEncoding = 4; lastKnownFileType = sourcecode.c.h; path = Twelevesignview.h; sourceTree = "<group>"; };
		0364B755136977350023EA01 /* Twelevesignview.m */ = {isa = PBXFileReference; fileEncoding = 4; lastKnownFileType = sourcecode.c.objc; path = Twelevesignview.m; sourceTree = "<group>"; };
		0364B756136977350023EA01 /* Twelevesignview.xib */ = {isa = PBXFileReference; lastKnownFileType = file.xib; name = Twelevesignview.xib; path = Classes/Twelevesignview.xib; sourceTree = "<group>"; };
		0364B75A136978A40023EA01 /* 12signView.png */ = {isa = PBXFileReference; lastKnownFileType = image.png; path = 12signView.png; sourceTree = "<group>"; };
		0364B76313697C6E0023EA01 /* AstrotwinsView.h */ = {isa = PBXFileReference; fileEncoding = 4; lastKnownFileType = sourcecode.c.h; path = AstrotwinsView.h; sourceTree = "<group>"; };
		0364B76413697C6E0023EA01 /* AstrotwinsView.m */ = {isa = PBXFileReference; fileEncoding = 4; lastKnownFileType = sourcecode.c.objc; path = AstrotwinsView.m; sourceTree = "<group>"; };
		0364B76513697C6E0023EA01 /* AstrotwinsView.xib */ = {isa = PBXFileReference; lastKnownFileType = file.xib; name = AstrotwinsView.xib; path = Classes/AstrotwinsView.xib; sourceTree = "<group>"; };
		0364B76813697DCD0023EA01 /* aastrobarImage.png */ = {isa = PBXFileReference; lastKnownFileType = image.png; path = aastrobarImage.png; sourceTree = "<group>"; };
		0364B76A13697E4F0023EA01 /* AstroTwinsViewImage.png */ = {isa = PBXFileReference; lastKnownFileType = image.png; path = AstroTwinsViewImage.png; sourceTree = "<group>"; };
		0364B77F136984D70023EA01 /* AstrotwinsImage.png */ = {isa = PBXFileReference; lastKnownFileType = image.png; path = AstrotwinsImage.png; sourceTree = "<group>"; };
		0364B86E1369AE1F0023EA01 /* LoveView.h */ = {isa = PBXFileReference; fileEncoding = 4; lastKnownFileType = sourcecode.c.h; path = LoveView.h; sourceTree = "<group>"; };
		0364B86F1369AE1F0023EA01 /* LoveView.m */ = {isa = PBXFileReference; fileEncoding = 4; lastKnownFileType = sourcecode.c.objc; path = LoveView.m; sourceTree = "<group>"; };
		0364B8701369AE1F0023EA01 /* LoveView.xib */ = {isa = PBXFileReference; lastKnownFileType = file.xib; path = LoveView.xib; sourceTree = "<group>"; };
		0364B8791369B0340023EA01 /* loveviewImage.png */ = {isa = PBXFileReference; lastKnownFileType = image.png; path = loveviewImage.png; sourceTree = "<group>"; };
		0364B8B31369BA900023EA01 /* loveimg.png */ = {isa = PBXFileReference; lastKnownFileType = image.png; path = loveimg.png; sourceTree = SOURCE_ROOT; };
		0364B901136DB4020023EA01 /* love.png */ = {isa = PBXFileReference; lastKnownFileType = image.png; path = love.png; sourceTree = SOURCE_ROOT; };
		036C96781366CC7000F7D574 /* libxml2.2.7.3.dylib */ = {isa = PBXFileReference; lastKnownFileType = "compiled.mach-o.dylib"; name = libxml2.2.7.3.dylib; path = usr/lib/libxml2.2.7.3.dylib; sourceTree = SDKROOT; };
		039BF65613680CB700EEA0D6 /* TFHpple.h */ = {isa = PBXFileReference; fileEncoding = 4; lastKnownFileType = sourcecode.c.h; name = TFHpple.h; path = Classes/TFHpple.h; sourceTree = SOURCE_ROOT; };
		039BF65713680CB700EEA0D6 /* TFHpple.m */ = {isa = PBXFileReference; fileEncoding = 4; lastKnownFileType = sourcecode.c.objc; name = TFHpple.m; path = Classes/TFHpple.m; sourceTree = SOURCE_ROOT; };
		039BF65813680CB700EEA0D6 /* TFHppleElement.h */ = {isa = PBXFileReference; fileEncoding = 4; lastKnownFileType = sourcecode.c.h; name = TFHppleElement.h; path = Classes/TFHppleElement.h; sourceTree = SOURCE_ROOT; };
		039BF65913680CB700EEA0D6 /* TFHppleElement.m */ = {isa = PBXFileReference; fileEncoding = 4; lastKnownFileType = sourcecode.c.objc; name = TFHppleElement.m; path = Classes/TFHppleElement.m; sourceTree = SOURCE_ROOT; };
		039BF65C13680CC300EEA0D6 /* XPathQuery.h */ = {isa = PBXFileReference; fileEncoding = 4; lastKnownFileType = sourcecode.c.h; name = XPathQuery.h; path = Classes/XPathQuery.h; sourceTree = SOURCE_ROOT; };
		039BF65D13680CC300EEA0D6 /* XPathQuery.m */ = {isa = PBXFileReference; fileEncoding = 4; lastKnownFileType = sourcecode.c.objc; name = XPathQuery.m; path = Classes/XPathQuery.m; sourceTree = SOURCE_ROOT; };
		03B5429513659659007102D2 /* Store.plist */ = {isa = PBXFileReference; fileEncoding = 4; lastKnownFileType = text.plist.xml; path = Store.plist; sourceTree = "<group>"; };
		03B542B013659ED6007102D2 /* AstroDetailView.h */ = {isa = PBXFileReference; fileEncoding = 4; lastKnownFileType = sourcecode.c.h; path = AstroDetailView.h; sourceTree = "<group>"; };
		03B542B113659ED6007102D2 /* AstroDetailView.m */ = {isa = PBXFileReference; fileEncoding = 4; lastKnownFileType = sourcecode.c.objc; path = AstroDetailView.m; sourceTree = "<group>"; };
		03B542B213659ED6007102D2 /* AstroDetailView.xib */ = {isa = PBXFileReference; lastKnownFileType = file.xib; name = AstroDetailView.xib; path = Classes/AstroDetailView.xib; sourceTree = "<group>"; };
		1D30AB110D05D00D00671497 /* Foundation.framework */ = {isa = PBXFileReference; lastKnownFileType = wrapper.framework; name = Foundation.framework; path = System/Library/Frameworks/Foundation.framework; sourceTree = SDKROOT; };
		1D3623240D0F684500981E51 /* AstrostyleAppAppDelegate.h */ = {isa = PBXFileReference; fileEncoding = 4; lastKnownFileType = sourcecode.c.h; path = AstrostyleAppAppDelegate.h; sourceTree = "<group>"; };
		1D3623250D0F684500981E51 /* AstrostyleAppAppDelegate.m */ = {isa = PBXFileReference; fileEncoding = 4; lastKnownFileType = sourcecode.c.objc; path = AstrostyleAppAppDelegate.m; sourceTree = "<group>"; };
		1D6058910D05DD3D006BFB54 /* AstrostyleApp.app */ = {isa = PBXFileReference; explicitFileType = wrapper.application; includeInIndex = 0; path = AstrostyleApp.app; sourceTree = BUILT_PRODUCTS_DIR; };
		1DF5F4DF0D08C38300B7A737 /* UIKit.framework */ = {isa = PBXFileReference; lastKnownFileType = wrapper.framework; name = UIKit.framework; path = System/Library/Frameworks/UIKit.framework; sourceTree = SDKROOT; };
		288765A40DF7441C002DB57D /* CoreGraphics.framework */ = {isa = PBXFileReference; lastKnownFileType = wrapper.framework; name = CoreGraphics.framework; path = System/Library/Frameworks/CoreGraphics.framework; sourceTree = SDKROOT; };
		2899E5210DE3E06400AC0155 /* AstrostyleAppViewController.xib */ = {isa = PBXFileReference; lastKnownFileType = file.xib; path = AstrostyleAppViewController.xib; sourceTree = "<group>"; };
		28AD733E0D9D9553002E5188 /* MainWindow.xib */ = {isa = PBXFileReference; lastKnownFileType = file.xib; path = MainWindow.xib; sourceTree = "<group>"; };
		28D7ACF60DDB3853001CB0EB /* AstrostyleAppViewController.h */ = {isa = PBXFileReference; fileEncoding = 4; lastKnownFileType = sourcecode.c.h; path = AstrostyleAppViewController.h; sourceTree = "<group>"; };
		28D7ACF70DDB3853001CB0EB /* AstrostyleAppViewController.m */ = {isa = PBXFileReference; fileEncoding = 4; lastKnownFileType = sourcecode.c.objc; path = AstrostyleAppViewController.m; sourceTree = "<group>"; };
		29B97316FDCFA39411CA2CEA /* main.m */ = {isa = PBXFileReference; fileEncoding = 4; lastKnownFileType = sourcecode.c.objc; path = main.m; sourceTree = "<group>"; };
		32CA4F630368D1EE00C91783 /* AstrostyleApp_Prefix.pch */ = {isa = PBXFileReference; fileEncoding = 4; lastKnownFileType = sourcecode.c.h; path = AstrostyleApp_Prefix.pch; sourceTree = "<group>"; };
		8D1107310486CEB800E47090 /* AstrostyleApp-Info.plist */ = {isa = PBXFileReference; fileEncoding = 4; lastKnownFileType = text.plist.xml; path = "AstrostyleApp-Info.plist"; plistStructureDefinitionIdentifier = "com.apple.xcode.plist.structure-definition.iphone.info-plist"; sourceTree = "<group>"; };
/* End PBXFileReference section */

/* Begin PBXFrameworksBuildPhase section */
		1D60588F0D05DD3D006BFB54 /* Frameworks */ = {
			isa = PBXFrameworksBuildPhase;
			buildActionMask = 2147483647;
			files = (
				1D60589F0D05DD5A006BFB54 /* Foundation.framework in Frameworks */,
				1DF5F4E00D08C38300B7A737 /* UIKit.framework in Frameworks */,
				288765A50DF7441C002DB57D /* CoreGraphics.framework in Frameworks */,
				036C96791366CC7000F7D574 /* libxml2.2.7.3.dylib in Frameworks */,
			);
			runOnlyForDeploymentPostprocessing = 0;
		};
/* End PBXFrameworksBuildPhase section */

/* Begin PBXGroup section */
		0364B644136942EA0023EA01 /* Images */ = {
			isa = PBXGroup;
			children = (
				0364B8791369B0340023EA01 /* loveviewImage.png */,
				0364B77F136984D70023EA01 /* AstrotwinsImage.png */,
				0364B76A13697E4F0023EA01 /* AstroTwinsViewImage.png */,
				0364B76813697DCD0023EA01 /* aastrobarImage.png */,
				0364B75A136978A40023EA01 /* 12signView.png */,
				0364B6C6136964AD0023EA01 /* astroshareimg.png */,
				0364B6C2136964730023EA01 /* 12signimg.png */,
				0364B6C0136964630023EA01 /* astrotwinsimg.png */,
				0364B67A13694E3F0023EA01 /* Pisces-Horo-bkrd.png */,
				0364B67B13694E3F0023EA01 /* Pisces-Horo-tile copy.png */,
				0364B67C13694E3F0023EA01 /* Sagittarius-Horo-bkrd.png */,
				0364B67D13694E3F0023EA01 /* Sagittarius-Horo-tile.png */,
				0364B67E13694E3F0023EA01 /* Scorpio-Horo-bkrd.png */,
				0364B67F13694E3F0023EA01 /* Scorpio-Horo-tile.png */,
				0364B68013694E3F0023EA01 /* Taurus-Horo-bkrd.png */,
				0364B68113694E3F0023EA01 /* Taurus-Horo-tile.png */,
				0364B68213694E3F0023EA01 /* Virgo-Horo-bkrd.png */,
				0364B68313694E3F0023EA01 /* Virgo-Horo-tile.png */,
				0364B67213694E230023EA01 /* Leo-Horo-bkrd.png */,
				0364B67313694E230023EA01 /* Leo-Horo-tile.png */,
				0364B67413694E230023EA01 /* Libra-Horo-bkrd.png */,
				0364B67513694E230023EA01 /* Libra-Horo-tile.png */,
				0364B66C13694DFD0023EA01 /* Aquarius-Horo-bkrd.png */,
				0364B66D13694DFD0023EA01 /* Aquarius-Horo-tile.png */,
				0364B66E13694DFD0023EA01 /* Aries-Horo-bkrd.png */,
				0364B6451369437F0023EA01 /* Cancer-Horo-bkrd.png */,
				0364B6461369437F0023EA01 /* Cancer-Horo-tile.png */,
				0364B6471369437F0023EA01 /* Capricorn-Horo-bkrd.png */,
				0364B6481369437F0023EA01 /* Capricorn-Horo-tile.png */,
				0364B6491369437F0023EA01 /* Gemini-Horo-bkrd.png */,
				0364B64A1369437F0023EA01 /* Gemini-Horo-tile.png */,
			);
			name = Images;
			sourceTree = "<group>";
		};
		080E96DDFE201D6D7F000001 /* Classes */ = {
			isa = PBXGroup;
			children = (
				1D3623240D0F684500981E51 /* AstrostyleAppAppDelegate.h */,
				1D3623250D0F684500981E51 /* AstrostyleAppAppDelegate.m */,
				28D7ACF60DDB3853001CB0EB /* AstrostyleAppViewController.h */,
				28D7ACF70DDB3853001CB0EB /* AstrostyleAppViewController.m */,
				03B542B013659ED6007102D2 /* AstroDetailView.h */,
				03B542B113659ED6007102D2 /* AstroDetailView.m */,
				039BF65613680CB700EEA0D6 /* TFHpple.h */,
				039BF65713680CB700EEA0D6 /* TFHpple.m */,
				039BF65813680CB700EEA0D6 /* TFHppleElement.h */,
				039BF65913680CB700EEA0D6 /* TFHppleElement.m */,
				039BF65C13680CC300EEA0D6 /* XPathQuery.h */,
				039BF65D13680CC300EEA0D6 /* XPathQuery.m */,
				0364B754136977350023EA01 /* Twelevesignview.h */,
				0364B755136977350023EA01 /* Twelevesignview.m */,
				0364B76313697C6E0023EA01 /* AstrotwinsView.h */,
				0364B76413697C6E0023EA01 /* AstrotwinsView.m */,
				0364B86E1369AE1F0023EA01 /* LoveView.h */,
				0364B86F1369AE1F0023EA01 /* LoveView.m */,
				0364B8701369AE1F0023EA01 /* LoveView.xib */,
			);
			path = Classes;
			sourceTree = "<group>";
		};
		19C28FACFE9D520D11CA2CBB /* Products */ = {
			isa = PBXGroup;
			children = (
				1D6058910D05DD3D006BFB54 /* AstrostyleApp.app */,
			);
			name = Products;
			sourceTree = "<group>";
		};
		29B97314FDCFA39411CA2CEA /* CustomTemplate */ = {
			isa = PBXGroup;
			children = (
				080E96DDFE201D6D7F000001 /* Classes */,
				29B97315FDCFA39411CA2CEA /* Other Sources */,
				29B97317FDCFA39411CA2CEA /* Resources */,
				29B97323FDCFA39411CA2CEA /* Frameworks */,
				19C28FACFE9D520D11CA2CBB /* Products */,
			);
			name = CustomTemplate;
			sourceTree = "<group>";
		};
		29B97315FDCFA39411CA2CEA /* Other Sources */ = {
			isa = PBXGroup;
			children = (
				32CA4F630368D1EE00C91783 /* AstrostyleApp_Prefix.pch */,
				29B97316FDCFA39411CA2CEA /* main.m */,
			);
			name = "Other Sources";
			sourceTree = "<group>";
		};
		29B97317FDCFA39411CA2CEA /* Resources */ = {
			isa = PBXGroup;
			children = (
				0364B901136DB4020023EA01 /* love.png */,
				0364B8B31369BA900023EA01 /* loveimg.png */,
				0364B76513697C6E0023EA01 /* AstrotwinsView.xib */,
				0364B756136977350023EA01 /* Twelevesignview.xib */,
				03B542B213659ED6007102D2 /* AstroDetailView.xib */,
				2899E5210DE3E06400AC0155 /* AstrostyleAppViewController.xib */,
				28AD733E0D9D9553002E5188 /* MainWindow.xib */,
				8D1107310486CEB800E47090 /* AstrostyleApp-Info.plist */,
				03B5429513659659007102D2 /* Store.plist */,
				0364B644136942EA0023EA01 /* Images */,
			);
			name = Resources;
			sourceTree = "<group>";
		};
		29B97323FDCFA39411CA2CEA /* Frameworks */ = {
			isa = PBXGroup;
			children = (
				036C96781366CC7000F7D574 /* libxml2.2.7.3.dylib */,
				1DF5F4DF0D08C38300B7A737 /* UIKit.framework */,
				1D30AB110D05D00D00671497 /* Foundation.framework */,
				288765A40DF7441C002DB57D /* CoreGraphics.framework */,
			);
			name = Frameworks;
			sourceTree = "<group>";
		};
/* End PBXGroup section */

/* Begin PBXNativeTarget section */
		1D6058900D05DD3D006BFB54 /* AstrostyleApp */ = {
			isa = PBXNativeTarget;
			buildConfigurationList = 1D6058960D05DD3E006BFB54 /* Build configuration list for PBXNativeTarget "AstrostyleApp" */;
			buildPhases = (
				1D60588D0D05DD3D006BFB54 /* Resources */,
				1D60588E0D05DD3D006BFB54 /* Sources */,
				1D60588F0D05DD3D006BFB54 /* Frameworks */,
			);
			buildRules = (
			);
			dependencies = (
			);
			name = AstrostyleApp;
			productName = AstrostyleApp;
			productReference = 1D6058910D05DD3D006BFB54 /* AstrostyleApp.app */;
			productType = "com.apple.product-type.application";
		};
/* End PBXNativeTarget section */

/* Begin PBXProject section */
		29B97313FDCFA39411CA2CEA /* Project object */ = {
			isa = PBXProject;
			buildConfigurationList = C01FCF4E08A954540054247B /* Build configuration list for PBXProject "AstrostyleApp" */;
			compatibilityVersion = "Xcode 3.1";
			developmentRegion = English;
			hasScannedForEncodings = 1;
			knownRegions = (
				English,
				Japanese,
				French,
				German,
			);
			mainGroup = 29B97314FDCFA39411CA2CEA /* CustomTemplate */;
			projectDirPath = "";
			projectRoot = "";
			targets = (
				1D6058900D05DD3D006BFB54 /* AstrostyleApp */,
			);
		};
/* End PBXProject section */

/* Begin PBXResourcesBuildPhase section */
		1D60588D0D05DD3D006BFB54 /* Resources */ = {
			isa = PBXResourcesBuildPhase;
			buildActionMask = 2147483647;
			files = (
				28AD733F0D9D9553002E5188 /* MainWindow.xib in Resources */,
				2899E5220DE3E06400AC0155 /* AstrostyleAppViewController.xib in Resources */,
				03B5429613659659007102D2 /* Store.plist in Resources */,
				03B542B413659ED6007102D2 /* AstroDetailView.xib in Resources */,
				0364B64B1369437F0023EA01 /* Cancer-Horo-bkrd.png in Resources */,
				0364B64C1369437F0023EA01 /* Cancer-Horo-tile.png in Resources */,
				0364B64D1369437F0023EA01 /* Capricorn-Horo-bkrd.png in Resources */,
				0364B64E1369437F0023EA01 /* Capricorn-Horo-tile.png in Resources */,
				0364B64F1369437F0023EA01 /* Gemini-Horo-bkrd.png in Resources */,
				0364B6501369437F0023EA01 /* Gemini-Horo-tile.png in Resources */,
				0364B66F13694DFD0023EA01 /* Aquarius-Horo-bkrd.png in Resources */,
				0364B67013694DFD0023EA01 /* Aquarius-Horo-tile.png in Resources */,
				0364B67113694DFD0023EA01 /* Aries-Horo-bkrd.png in Resources */,
				0364B67613694E230023EA01 /* Leo-Horo-bkrd.png in Resources */,
				0364B67713694E230023EA01 /* Leo-Horo-tile.png in Resources */,
				0364B67813694E230023EA01 /* Libra-Horo-bkrd.png in Resources */,
				0364B67913694E230023EA01 /* Libra-Horo-tile.png in Resources */,
				0364B68413694E3F0023EA01 /* Pisces-Horo-bkrd.png in Resources */,
				0364B68513694E3F0023EA01 /* Pisces-Horo-tile copy.png in Resources */,
				0364B68613694E3F0023EA01 /* Sagittarius-Horo-bkrd.png in Resources */,
				0364B68713694E3F0023EA01 /* Sagittarius-Horo-tile.png in Resources */,
				0364B68813694E3F0023EA01 /* Scorpio-Horo-bkrd.png in Resources */,
				0364B68913694E3F0023EA01 /* Scorpio-Horo-tile.png in Resources */,
				0364B68A13694E3F0023EA01 /* Taurus-Horo-bkrd.png in Resources */,
				0364B68B13694E3F0023EA01 /* Taurus-Horo-tile.png in Resources */,
				0364B68C13694E3F0023EA01 /* Virgo-Horo-bkrd.png in Resources */,
				0364B68D13694E3F0023EA01 /* Virgo-Horo-tile.png in Resources */,
				0364B6C1136964630023EA01 /* astrotwinsimg.png in Resources */,
				0364B6C3136964730023EA01 /* 12signimg.png in Resources */,
				0364B6C7136964AD0023EA01 /* astroshareimg.png in Resources */,
				0364B758136977350023EA01 /* Twelevesignview.xib in Resources */,
				0364B75B136978A40023EA01 /* 12signView.png in Resources */,
				0364B76713697C6E0023EA01 /* AstrotwinsView.xib in Resources */,
				0364B76913697DCD0023EA01 /* aastrobarImage.png in Resources */,
				0364B76B13697E4F0023EA01 /* AstroTwinsViewImage.png in Resources */,
				0364B780136984D70023EA01 /* AstrotwinsImage.png in Resources */,
				0364B8721369AE1F0023EA01 /* LoveView.xib in Resources */,
				0364B87A1369B0340023EA01 /* loveviewImage.png in Resources */,
				0364B8B41369BA900023EA01 /* loveimg.png in Resources */,
				0364B902136DB4020023EA01 /* love.png in Resources */,
			);
			runOnlyForDeploymentPostprocessing = 0;
		};
/* End PBXResourcesBuildPhase section */

/* Begin PBXSourcesBuildPhase section */
		1D60588E0D05DD3D006BFB54 /* Sources */ = {
			isa = PBXSourcesBuildPhase;
			buildActionMask = 2147483647;
			files = (
				1D60589B0D05DD56006BFB54 /* main.m in Sources */,
				1D3623260D0F684500981E51 /* AstrostyleAppAppDelegate.m in Sources */,
				28D7ACF80DDB3853001CB0EB /* AstrostyleAppViewController.m in Sources */,
				03B542B313659ED6007102D2 /* AstroDetailView.m in Sources */,
				039BF65A13680CB700EEA0D6 /* TFHpple.m in Sources */,
				039BF65B13680CB700EEA0D6 /* TFHppleElement.m in Sources */,
				039BF65E13680CC300EEA0D6 /* XPathQuery.m in Sources */,
				0364B757136977350023EA01 /* Twelevesignview.m in Sources */,
				0364B76613697C6E0023EA01 /* AstrotwinsView.m in Sources */,
				0364B8711369AE1F0023EA01 /* LoveView.m in Sources */,
			);
			runOnlyForDeploymentPostprocessing = 0;
		};
/* End PBXSourcesBuildPhase section */

/* Begin XCBuildConfiguration section */
		1D6058940D05DD3E006BFB54 /* Debug */ = {
			isa = XCBuildConfiguration;
			buildSettings = {
				ALWAYS_SEARCH_USER_PATHS = NO;
				COPY_PHASE_STRIP = NO;
				GCC_DYNAMIC_NO_PIC = NO;
				GCC_OPTIMIZATION_LEVEL = 0;
				GCC_PRECOMPILE_PREFIX_HEADER = YES;
				GCC_PREFIX_HEADER = AstrostyleApp_Prefix.pch;
				HEADER_SEARCH_PATHS = "${SDKROOT}/usr/include/libxml2/**";
				INFOPLIST_FILE = "AstrostyleApp-Info.plist";
				OTHER_LDFLAGS = "-lxml2";
				PRODUCT_NAME = AstrostyleApp;
			};
			name = Debug;
		};
		1D6058950D05DD3E006BFB54 /* Release */ = {
			isa = XCBuildConfiguration;
			buildSettings = {
				ALWAYS_SEARCH_USER_PATHS = NO;
				COPY_PHASE_STRIP = YES;
				GCC_PRECOMPILE_PREFIX_HEADER = YES;
				GCC_PREFIX_HEADER = AstrostyleApp_Prefix.pch;
				HEADER_SEARCH_PATHS = "${SDKROOT}/usr/include/libxml2/**";
				INFOPLIST_FILE = "AstrostyleApp-Info.plist";
				OTHER_LDFLAGS = "-lxml2";
				PRODUCT_NAME = AstrostyleApp;
				VALIDATE_PRODUCT = YES;
			};
			name = Release;
		};
		C01FCF4F08A954540054247B /* Debug */ = {
			isa = XCBuildConfiguration;
			buildSettings = {
				ARCHS = "$(ARCHS_STANDARD_32_BIT)";
				"CODE_SIGN_IDENTITY[sdk=iphoneos*]" = "iPhone Developer";
				GCC_C_LANGUAGE_STANDARD = c99;
				GCC_WARN_ABOUT_RETURN_TYPE = YES;
				GCC_WARN_UNUSED_VARIABLE = YES;
				HEADER_SEARCH_PATHS = "";
				PREBINDING = NO;
				SDKROOT = iphoneos;
			};
			name = Debug;
		};
		C01FCF5008A954540054247B /* Release */ = {
			isa = XCBuildConfiguration;
			buildSettings = {
				ARCHS = "$(ARCHS_STANDARD_32_BIT)";
				"CODE_SIGN_IDENTITY[sdk=iphoneos*]" = "iPhone Developer";
				GCC_C_LANGUAGE_STANDARD = c99;
				GCC_WARN_ABOUT_RETURN_TYPE = YES;
				GCC_WARN_UNUSED_VARIABLE = YES;
				OTHER_CFLAGS = "-DNS_BLOCK_ASSERTIONS=1";
				PREBINDING = NO;
				SDKROOT = iphoneos;
			};
			name = Release;
		};
/* End XCBuildConfiguration section */

/* Begin XCConfigurationList section */
		1D6058960D05DD3E006BFB54 /* Build configuration list for PBXNativeTarget "AstrostyleApp" */ = {
			isa = XCConfigurationList;
			buildConfigurations = (
				1D6058940D05DD3E006BFB54 /* Debug */,
				1D6058950D05DD3E006BFB54 /* Release */,
			);
			defaultConfigurationIsVisible = 0;
			defaultConfigurationName = Release;
		};
		C01FCF4E08A954540054247B /* Build configuration list for PBXProject "AstrostyleApp" */ = {
			isa = XCConfigurationList;
			buildConfigurations = (
				C01FCF4F08A954540054247B /* Debug */,
				C01FCF5008A954540054247B /* Release */,
			);
			defaultConfigurationIsVisible = 0;
			defaultConfigurationName = Release;
		};
/* End XCConfigurationList section */
	};
	rootObject = 29B97313FDCFA39411CA2CEA /* Project object */;
}
